{
  "version": 4,
  "terraform_version": "1.3.7",
  "serial": 13,
  "lineage": "ca8cc911-312d-b111-dc24-955d6fe15a8f",
  "outputs": {},
  "resources": [
    {
      "mode": "data",
      "type": "aws_ip_ranges",
      "name": "european_ec2",
      "provider": "provider[\"registry.terraform.io/hashicorp/aws\"]",
      "instances": [
        {
          "schema_version": 0,
          "attributes": {
            "cidr_blocks": [
              "100.24.0.0/13",
              "107.20.0.0/14",
              "136.18.50.0/23",
              "142.4.160.0/29",
              "142.4.160.112/29",
              "142.4.160.120/29",
              "142.4.160.128/29",
              "142.4.160.136/29",
              "142.4.160.176/29",
              "142.4.160.184/29",
              "142.4.160.200/29",
              "142.4.160.24/29",
              "142.4.160.40/29",
              "142.4.160.48/29",
              "142.4.160.72/29",
              "142.4.160.8/29",
              "142.4.160.80/29",
              "142.4.160.88/29",
              "142.4.161.24/29",
              "142.4.161.32/29",
              "142.4.161.8/29",
              "15.177.64.0/23",
              "15.181.112.0/22",
              "15.181.120.0/21",
              "15.181.144.0/20",
              "15.181.160.0/20",
              "15.181.176.0/20",
              "15.181.192.0/19",
              "15.181.224.0/21",
              "15.181.232.0/21",
              "15.181.240.0/24",
              "15.181.241.0/24",
              "15.181.242.0/24",
              "15.181.243.0/24",
              "15.181.244.0/24",
              "15.181.246.0/24",
              "15.181.247.0/24",
              "15.181.249.0/24",
              "15.181.254.0/24",
              "15.181.32.0/21",
              "15.181.40.0/21",
              "15.181.48.0/20",
              "15.181.80.0/20",
              "15.181.96.0/20",
              "15.193.6.0/24",
              "15.220.120.0/21",
              "15.220.176.0/21",
              "15.220.184.0/21",
              "15.220.196.0/22",
              "15.220.220.0/23",
              "15.220.222.0/23",
              "15.220.233.0/24",
              "15.220.234.0/23",
              "15.220.236.0/22",
              "15.220.248.0/23",
              "15.220.250.0/23",
              "151.148.36.0/24",
              "161.188.128.0/23",
              "161.188.130.0/23",
              "161.188.132.0/23",
              "161.188.136.0/23",
              "161.188.140.0/23",
              "161.188.142.0/23",
              "161.188.144.0/23",
              "161.188.146.0/23",
              "161.188.150.0/23",
              "161.188.154.0/23",
              "161.188.158.0/23",
              "162.250.236.0/24",
              "162.250.237.0/24",
              "162.250.238.0/23",
              "174.129.0.0/16",
              "18.204.0.0/14",
              "18.208.0.0/13",
              "18.232.0.0/14",
              "18.34.0.0/19",
              "18.34.232.0/21",
              "18.88.0.0/18",
              "184.72.128.0/17",
              "184.72.64.0/18",
              "184.73.0.0/16",
              "192.26.25.0/24",
              "204.236.192.0/18",
              "204.45.0.0/16",
              "208.110.48.0/20",
              "208.86.88.0/23",
              "216.182.224.0/21",
              "216.182.232.0/22",
              "216.182.238.0/23",
              "23.20.0.0/14",
              "3.2.0.0/24",
              "3.2.2.0/24",
              "3.2.3.0/24",
              "3.2.36.0/25",
              "3.2.41.0/26",
              "3.2.47.0/25",
              "3.208.0.0/12",
              "3.224.0.0/12",
              "3.3.2.0/24",
              "3.3.5.0/24",
              "3.33.34.0/24",
              "3.4.0.0/24",
              "3.4.1.0/24",
              "3.4.2.0/24",
              "3.4.7.0/24",
              "3.5.0.0/19",
              "3.80.0.0/12",
              "34.192.0.0/12",
              "34.224.0.0/12",
              "35.153.0.0/16",
              "35.168.0.0/13",
              "35.71.68.0/22",
              "44.192.0.0/11",
              "46.51.208.0/22",
              "50.16.0.0/15",
              "50.19.0.0/16",
              "52.0.0.0/15",
              "52.2.0.0/15",
              "52.20.0.0/14",
              "52.200.0.0/13",
              "52.4.0.0/14",
              "52.44.0.0/15",
              "52.54.0.0/15",
              "52.70.0.0/15",
              "52.72.0.0/15",
              "52.86.0.0/15",
              "52.90.0.0/15",
              "52.94.201.0/26",
              "52.94.248.0/28",
              "52.95.245.0/24",
              "52.95.255.80/28",
              "54.144.0.0/14",
              "54.152.0.0/16",
              "54.156.0.0/14",
              "54.160.0.0/13",
              "54.172.0.0/15",
              "54.174.0.0/15",
              "54.196.0.0/15",
              "54.198.0.0/16",
              "54.204.0.0/15",
              "54.208.0.0/15",
              "54.210.0.0/15",
              "54.221.0.0/16",
              "54.224.0.0/15",
              "54.226.0.0/15",
              "54.234.0.0/15",
              "54.236.0.0/15",
              "54.239.103.128/26",
              "54.242.0.0/15",
              "54.80.0.0/13",
              "54.88.0.0/14",
              "54.92.128.0/17",
              "63.246.119.0/24",
              "64.187.128.0/20",
              "64.252.64.0/24",
              "64.252.66.0/24",
              "64.252.67.0/24",
              "64.252.68.0/24",
              "64.252.69.0/24",
              "67.202.0.0/18",
              "68.66.112.0/20",
              "70.232.92.0/22",
              "72.41.0.0/20",
              "72.44.32.0/19",
              "75.101.128.0/17",
              "96.0.100.0/23",
              "96.0.104.0/22",
              "96.0.12.0/22",
              "96.0.16.0/21",
              "96.0.48.0/21",
              "96.0.56.0/22",
              "96.0.84.0/22",
              "96.0.88.0/22",
              "96.0.92.0/23",
              "96.0.96.0/22",
              "99.150.8.0/21",
              "99.151.184.0/23",
              "99.77.128.0/24",
              "99.77.129.0/24",
              "99.77.151.0/24",
              "99.77.187.0/24",
              "99.77.191.0/24",
              "99.77.254.0/24"
            ],
            "create_date": "2023-01-31-14-13-08",
            "id": "1675174388",
            "ipv6_cidr_blocks": [
              "2406:da00:ff00::/48",
              "2600:1f00:8000::/40",
              "2600:1f10:4000::/36",
              "2600:1f10:8000::/36",
              "2600:1f11:8000::/36",
              "2600:1f12:4000::/36",
              "2600:1f13:8000::/36",
              "2600:1f14:4000::/36",
              "2600:1f15:8000::/36",
              "2600:1f17:8000::/36",
              "2600:1f18:8000::/36",
              "2600:1f18::/33",
              "2600:1f19:8000::/36",
              "2600:1f1a:8000::/36",
              "2600:1f1c:8000::/36",
              "2600:1f1f:8000::/36",
              "2600:1f20:8000::/36",
              "2600:1f21:8000::/36",
              "2600:1f23:8000::/36",
              "2600:1f24:4000::/36",
              "2600:1f25:8000::/36",
              "2600:1f27:8000::/36",
              "2600:1f28:8000::/36",
              "2600:1f28::/36",
              "2600:1f29:8000::/36",
              "2600:1f2a:8000::/36",
              "2600:1f2c:8000::/36",
              "2600:1f2f:8000::/36",
              "2600:1f60:8000::/39",
              "2600:1f61:8000::/39",
              "2600:1f68:8000::/39",
              "2600:1f69:8000::/39",
              "2600:1f70:8000::/39",
              "2600:1fa0:8150::/44",
              "2600:1fa0:8190::/44",
              "2600:1fa0:81d0::/44",
              "2600:1ff0:8000::/39",
              "2600:1ff1:8000::/39",
              "2600:1ff2:8000::/39",
              "2600:1ffb:8021::/48",
              "2600:1ffb:8080::/48",
              "2600:1ffb:80a0::/48",
              "2600:1ffb:80a1::/48",
              "2600:1ffd:803f::/48",
              "2600:1ffd:8066::/48",
              "2600:1ffd:807b::/48",
              "2600:1ffd:807f::/48",
              "2600:1fff:8000::/40",
              "2600:f000::/39",
              "2600:f00c::/39",
              "2600:f0f0:0:100::/56",
              "2600:f0f0:1000::/44",
              "2600:f0f0:6000::/44",
              "2600:f0f0:6010::/44",
              "2605:9cc0:1ff0:3d00::/56",
              "2605:9cc0:1ff0:700::/56",
              "2606:f40:8000::/39",
              "2606:f40::/39",
              "2606:f40:fffc::/48",
              "2606:f40:fffe::/48",
              "2620:107:4007::/64"
            ],
            "regions": [
              "eu-central-i",
              "us-east-1"
            ],
            "services": [
              "ec2"
            ],
            "sync_token": 1675174388,
            "url": "https://ip-ranges.amazonaws.com/ip-ranges.json"
          },
          "sensitive_attributes": []
        }
      ]
    },
    {
      "mode": "managed",
      "type": "aws_instance",
      "name": "example",
      "provider": "provider[\"registry.terraform.io/hashicorp/aws\"]",
      "instances": [
        {
          "schema_version": 1,
          "attributes": {
            "ami": "ami-0b0ea68c435eb488d",
            "arn": "arn:aws:ec2:us-east-1:878487025428:instance/i-0efb37f72eb4c97c0",
            "associate_public_ip_address": true,
            "availability_zone": "us-east-1e",
            "capacity_reservation_specification": [
              {
                "capacity_reservation_preference": "open",
                "capacity_reservation_target": []
              }
            ],
            "cpu_core_count": 1,
            "cpu_threads_per_core": 1,
            "credit_specification": [
              {
                "cpu_credits": "standard"
              }
            ],
            "disable_api_stop": false,
            "disable_api_termination": false,
            "ebs_block_device": [],
            "ebs_optimized": false,
            "enclave_options": [
              {
                "enabled": false
              }
            ],
            "ephemeral_block_device": [],
            "get_password_data": false,
            "hibernation": false,
            "host_id": "",
            "host_resource_group_arn": null,
            "iam_instance_profile": "",
            "id": "i-0efb37f72eb4c97c0",
            "instance_initiated_shutdown_behavior": "stop",
            "instance_state": "running",
            "instance_type": "t2.micro",
            "ipv6_address_count": 0,
            "ipv6_addresses": [],
            "key_name": "",
            "launch_template": [],
            "maintenance_options": [
              {
                "auto_recovery": "default"
              }
            ],
            "metadata_options": [
              {
                "http_endpoint": "enabled",
                "http_put_response_hop_limit": 1,
                "http_tokens": "optional",
                "instance_metadata_tags": "disabled"
              }
            ],
            "monitoring": false,
            "network_interface": [],
            "outpost_arn": "",
            "password_data": "",
            "placement_group": "",
            "placement_partition_number": 0,
            "primary_network_interface_id": "eni-01514c6333328c788",
            "private_dns": "ip-172-31-48-103.ec2.internal",
            "private_dns_name_options": [
              {
                "enable_resource_name_dns_a_record": false,
                "enable_resource_name_dns_aaaa_record": false,
                "hostname_type": "ip-name"
              }
            ],
            "private_ip": "172.31.48.103",
            "public_dns": "ec2-52-91-129-12.compute-1.amazonaws.com",
            "public_ip": "52.91.129.12",
            "root_block_device": [
              {
                "delete_on_termination": true,
                "device_name": "/dev/sda1",
                "encrypted": false,
                "iops": 100,
                "kms_key_id": "",
                "tags": {},
                "throughput": 0,
                "volume_id": "vol-04a3fb196ef9db76b",
                "volume_size": 8,
                "volume_type": "gp2"
              }
            ],
            "secondary_private_ips": [],
            "security_groups": [
              "default"
            ],
            "source_dest_check": true,
            "subnet_id": "subnet-04b1e00e006c70cf8",
            "tags": null,
            "tags_all": {},
            "tenancy": "default",
            "timeouts": null,
            "user_data": null,
            "user_data_base64": null,
            "user_data_replace_on_change": false,
            "volume_tags": null,
            "vpc_security_group_ids": [
              "sg-04e8cddc7fc0ab601"
            ]
          },
          "sensitive_attributes": [],
          "private": "eyJlMmJmYjczMC1lY2FhLTExZTYtOGY4OC0zNDM2M2JjN2M0YzAiOnsiY3JlYXRlIjo2MDAwMDAwMDAwMDAsImRlbGV0ZSI6MTIwMDAwMDAwMDAwMCwidXBkYXRlIjo2MDAwMDAwMDAwMDB9LCJzY2hlbWFfdmVyc2lvbiI6IjEifQ=="
        }
      ]
    },
    {
      "mode": "managed",
      "type": "aws_security_group",
      "name": "from_europe",
      "provider": "provider[\"registry.terraform.io/hashicorp/aws\"]",
      "instances": [
        {
          "status": "tainted",
          "schema_version": 1,
          "attributes": {
            "arn": null,
            "description": "Managed by Terraform",
            "egress": [],
            "id": "sg-073ae2eb1ef8ac2c6",
            "ingress": [
              {
                "cidr_blocks": [
                  "100.24.0.0/13",
                  "107.20.0.0/14",
                  "136.18.50.0/23",
                  "142.4.160.0/29",
                  "142.4.160.112/29",
                  "142.4.160.120/29",
                  "142.4.160.128/29",
                  "142.4.160.136/29",
                  "142.4.160.176/29",
                  "142.4.160.184/29",
                  "142.4.160.200/29",
                  "142.4.160.24/29",
                  "142.4.160.40/29",
                  "142.4.160.48/29",
                  "142.4.160.72/29",
                  "142.4.160.8/29",
                  "142.4.160.80/29",
                  "142.4.160.88/29",
                  "142.4.161.24/29",
                  "142.4.161.32/29",
                  "142.4.161.8/29",
                  "15.177.64.0/23",
                  "15.181.112.0/22",
                  "15.181.120.0/21",
                  "15.181.144.0/20",
                  "15.181.160.0/20",
                  "15.181.176.0/20",
                  "15.181.192.0/19",
                  "15.181.224.0/21",
                  "15.181.232.0/21",
                  "15.181.240.0/24",
                  "15.181.241.0/24",
                  "15.181.242.0/24",
                  "15.181.243.0/24",
                  "15.181.244.0/24",
                  "15.181.246.0/24",
                  "15.181.247.0/24",
                  "15.181.249.0/24",
                  "15.181.254.0/24",
                  "15.181.32.0/21",
                  "15.181.40.0/21",
                  "15.181.48.0/20",
                  "15.181.80.0/20",
                  "15.181.96.0/20",
                  "15.193.6.0/24",
                  "15.220.120.0/21",
                  "15.220.176.0/21",
                  "15.220.184.0/21",
                  "15.220.196.0/22",
                  "15.220.220.0/23",
                  "15.220.222.0/23",
                  "15.220.233.0/24",
                  "15.220.234.0/23",
                  "15.220.236.0/22",
                  "15.220.248.0/23",
                  "15.220.250.0/23",
                  "151.148.36.0/24",
                  "161.188.128.0/23",
                  "161.188.130.0/23",
                  "161.188.132.0/23",
                  "161.188.136.0/23",
                  "161.188.140.0/23",
                  "161.188.142.0/23",
                  "161.188.144.0/23",
                  "161.188.146.0/23",
                  "161.188.150.0/23",
                  "161.188.154.0/23",
                  "161.188.158.0/23",
                  "162.250.236.0/24",
                  "162.250.237.0/24",
                  "162.250.238.0/23",
                  "174.129.0.0/16",
                  "18.204.0.0/14",
                  "18.208.0.0/13",
                  "18.232.0.0/14",
                  "18.34.0.0/19",
                  "18.34.232.0/21",
                  "18.88.0.0/18",
                  "184.72.128.0/17",
                  "184.72.64.0/18",
                  "184.73.0.0/16",
                  "192.26.25.0/24",
                  "204.236.192.0/18",
                  "204.45.0.0/16",
                  "208.110.48.0/20",
                  "208.86.88.0/23",
                  "216.182.224.0/21",
                  "216.182.232.0/22",
                  "216.182.238.0/23",
                  "23.20.0.0/14",
                  "3.2.0.0/24",
                  "3.2.2.0/24",
                  "3.2.3.0/24",
                  "3.2.36.0/25",
                  "3.2.41.0/26",
                  "3.2.47.0/25",
                  "3.208.0.0/12",
                  "3.224.0.0/12",
                  "3.3.2.0/24",
                  "3.3.5.0/24",
                  "3.33.34.0/24",
                  "3.4.0.0/24",
                  "3.4.1.0/24",
                  "3.4.2.0/24",
                  "3.4.7.0/24",
                  "3.5.0.0/19",
                  "3.80.0.0/12",
                  "34.192.0.0/12",
                  "34.224.0.0/12",
                  "35.153.0.0/16",
                  "35.168.0.0/13",
                  "35.71.68.0/22",
                  "44.192.0.0/11",
                  "46.51.208.0/22",
                  "50.16.0.0/15",
                  "50.19.0.0/16",
                  "52.0.0.0/15",
                  "52.2.0.0/15",
                  "52.20.0.0/14",
                  "52.200.0.0/13",
                  "52.4.0.0/14",
                  "52.44.0.0/15",
                  "52.54.0.0/15",
                  "52.70.0.0/15",
                  "52.72.0.0/15",
                  "52.86.0.0/15",
                  "52.90.0.0/15",
                  "52.94.201.0/26",
                  "52.94.248.0/28",
                  "52.95.245.0/24",
                  "52.95.255.80/28",
                  "54.144.0.0/14",
                  "54.152.0.0/16",
                  "54.156.0.0/14",
                  "54.160.0.0/13",
                  "54.172.0.0/15",
                  "54.174.0.0/15",
                  "54.196.0.0/15",
                  "54.198.0.0/16",
                  "54.204.0.0/15",
                  "54.208.0.0/15",
                  "54.210.0.0/15",
                  "54.221.0.0/16",
                  "54.224.0.0/15",
                  "54.226.0.0/15",
                  "54.234.0.0/15",
                  "54.236.0.0/15",
                  "54.239.103.128/26",
                  "54.242.0.0/15",
                  "54.80.0.0/13",
                  "54.88.0.0/14",
                  "54.92.128.0/17",
                  "63.246.119.0/24",
                  "64.187.128.0/20",
                  "64.252.64.0/24",
                  "64.252.66.0/24",
                  "64.252.67.0/24",
                  "64.252.68.0/24",
                  "64.252.69.0/24",
                  "67.202.0.0/18",
                  "68.66.112.0/20",
                  "70.232.92.0/22",
                  "72.41.0.0/20",
                  "72.44.32.0/19",
                  "75.101.128.0/17",
                  "96.0.100.0/23",
                  "96.0.104.0/22",
                  "96.0.12.0/22",
                  "96.0.16.0/21",
                  "96.0.48.0/21",
                  "96.0.56.0/22",
                  "96.0.84.0/22",
                  "96.0.88.0/22",
                  "96.0.92.0/23",
                  "96.0.96.0/22",
                  "99.150.8.0/21",
                  "99.151.184.0/23",
                  "99.77.128.0/24",
                  "99.77.129.0/24",
                  "99.77.151.0/24",
                  "99.77.187.0/24",
                  "99.77.191.0/24",
                  "99.77.254.0/24"
                ],
                "description": "",
                "from_port": 443,
                "ipv6_cidr_blocks": [],
                "prefix_list_ids": [],
                "protocol": "tcp",
                "security_groups": [],
                "self": false,
                "to_port": 443
              }
            ],
            "name": "from_europe",
            "name_prefix": null,
            "owner_id": null,
            "revoke_rules_on_delete": false,
            "tags": {
              "CreateDate": "2023-01-31-14-13-08",
              "SyncToken": "1675174388"
            },
            "tags_all": {
              "CreateDate": "2023-01-31-14-13-08",
              "SyncToken": "1675174388"
            },
            "timeouts": null,
            "vpc_id": null
          },
          "sensitive_attributes": [],
          "private": "eyJlMmJmYjczMC1lY2FhLTExZTYtOGY4OC0zNDM2M2JjN2M0YzAiOnsiY3JlYXRlIjo2MDAwMDAwMDAwMDAsImRlbGV0ZSI6OTAwMDAwMDAwMDAwfSwic2NoZW1hX3ZlcnNpb24iOiIxIn0=",
          "dependencies": [
            "data.aws_ip_ranges.european_ec2"
          ]
        }
      ]
    }
  ],
  "check_results": null
}
