{
  "version": 4,
  "terraform_version": "1.3.7",
  "serial": 3,
  "lineage": "23e3f415-bab1-b3f8-29ae-e2d706d11238",
  "outputs": {},
  "resources": [
    {
      "mode": "managed",
      "type": "aws_instance",
      "name": "example",
      "provider": "provider[\"registry.terraform.io/hashicorp/aws\"]",
      "instances": [
        {
          "schema_version": 1,
          "attributes": {
            "ami": "ami-0b0ea68c435eb488d",
            "arn": "arn:aws:ec2:us-east-1:878487025428:instance/i-0c0d2dc56d2f745d9",
            "associate_public_ip_address": true,
            "availability_zone": "us-east-1e",
            "capacity_reservation_specification": [
              {
                "capacity_reservation_preference": "open",
                "capacity_reservation_target": []
              }
            ],
            "cpu_core_count": 1,
            "cpu_threads_per_core": 1,
            "credit_specification": [
              {
                "cpu_credits": "standard"
              }
            ],
            "disable_api_stop": false,
            "disable_api_termination": false,
            "ebs_block_device": [],
            "ebs_optimized": false,
            "enclave_options": [
              {
                "enabled": false
              }
            ],
            "ephemeral_block_device": [],
            "get_password_data": false,
            "hibernation": false,
            "host_id": "",
            "host_resource_group_arn": null,
            "iam_instance_profile": "",
            "id": "i-0c0d2dc56d2f745d9",
            "instance_initiated_shutdown_behavior": "stop",
            "instance_state": "running",
            "instance_type": "t2.micro",
            "ipv6_address_count": 0,
            "ipv6_addresses": [],
            "key_name": "mykey",
            "launch_template": [],
            "maintenance_options": [
              {
                "auto_recovery": "default"
              }
            ],
            "metadata_options": [
              {
                "http_endpoint": "enabled",
                "http_put_response_hop_limit": 1,
                "http_tokens": "optional",
                "instance_metadata_tags": "disabled"
              }
            ],
            "monitoring": false,
            "network_interface": [],
            "outpost_arn": "",
            "password_data": "",
            "placement_group": "",
            "placement_partition_number": 0,
            "primary_network_interface_id": "eni-0928f187e16def5f2",
            "private_dns": "ip-172-31-49-65.ec2.internal",
            "private_dns_name_options": [
              {
                "enable_resource_name_dns_a_record": false,
                "enable_resource_name_dns_aaaa_record": false,
                "hostname_type": "ip-name"
              }
            ],
            "private_ip": "172.31.49.65",
            "public_dns": "ec2-18-210-10-126.compute-1.amazonaws.com",
            "public_ip": "18.210.10.126",
            "root_block_device": [
              {
                "delete_on_termination": true,
                "device_name": "/dev/sda1",
                "encrypted": false,
                "iops": 100,
                "kms_key_id": "",
                "tags": {},
                "throughput": 0,
                "volume_id": "vol-097832237a73d0b0e",
                "volume_size": 8,
                "volume_type": "gp2"
              }
            ],
            "secondary_private_ips": [],
            "security_groups": [
              "default"
            ],
            "source_dest_check": true,
            "subnet_id": "subnet-04b1e00e006c70cf8",
            "tags": null,
            "tags_all": {},
            "tenancy": "default",
            "timeouts": null,
            "user_data": null,
            "user_data_base64": null,
            "user_data_replace_on_change": false,
            "volume_tags": null,
            "vpc_security_group_ids": [
              "sg-04e8cddc7fc0ab601"
            ]
          },
          "sensitive_attributes": [],
          "private": "eyJlMmJmYjczMC1lY2FhLTExZTYtOGY4OC0zNDM2M2JjN2M0YzAiOnsiY3JlYXRlIjo2MDAwMDAwMDAwMDAsImRlbGV0ZSI6MTIwMDAwMDAwMDAwMCwidXBkYXRlIjo2MDAwMDAwMDAwMDB9LCJzY2hlbWFfdmVyc2lvbiI6IjEifQ==",
          "dependencies": [
            "aws_key_pair.mykey"
          ]
        }
      ]
    },
    {
      "mode": "managed",
      "type": "aws_key_pair",
      "name": "mykey",
      "provider": "provider[\"registry.terraform.io/hashicorp/aws\"]",
      "instances": [
        {
          "schema_version": 1,
          "attributes": {
            "arn": "arn:aws:ec2:us-east-1:878487025428:key-pair/mykey",
            "fingerprint": "43:9a:a1:95:1f:ed:ad:ee:93:0f:66:7e:f9:0e:08:84",
            "id": "mykey",
            "key_name": "mykey",
            "key_name_prefix": "",
            "key_pair_id": "key-029b00797bb345f16",
            "key_type": "rsa",
            "public_key": "ssh-rsa AAAAB3NzaC1yc2EAAAADAQABAAABgQCv85AmBUj2hBXW2s7x9cRqpKlbNKiIac/DijOOoCo3rLPO1GMnG+r93WxRubroD0xGX9uHXTAT93gs3GDLQFcBYAUiCRa9ZmmZv/cnOYFRZJOLd15D1wOx/U5Wub8ztaL+0aCQ/Lr5IbnWv6NWBQV8ZOhgvTzCu3cz5MGtC//f0zfmU0s7VJM9kvC+f811A3FaoMjpL3uCmSMt8ImJ3XY2XQ4AFYLK9FrwdxygBpe2dUBoohiVWvK8QeRkkCVpix7SIwIQGvCYISLAIe9XnKTKI2l9XvNK3IbMoWn1mMRHTDE06suemP1XrRjN9QvkZWN4agryWRnhqusFBUasS0++9V3nLP6d8FJ+AnOw8zgckd95FxlPWS7QL1wVaA7cB4ILdupeVPqv3ZTgJP1PmRbltLBlflkFOFBAiA4WgaYU4jgKvbhEpJK/ib7rT0pk7oddYd9/pHn5exR1s1C7PPipbHgLa2e/6jRU7CeT4ICRLJmoFwgehgXbrln0nhhNtoc= aneeshsojan@Aneeshs-Air.fritz.box",
            "tags": null,
            "tags_all": {}
          },
          "sensitive_attributes": [],
          "private": "eyJzY2hlbWFfdmVyc2lvbiI6IjEifQ=="
        }
      ]
    }
  ],
  "check_results": null
}
